
Microsoft Visual Studio Solution File, Format Version 12.00
# Visual Studio Version 17
VisualStudioVersion = 17.2.32616.157
MinimumVisualStudioVersion = 10.0.40219.1
Project("{FAE04EC0-301F-11D3-BF4B-00C04F79EFBC}") = "LojaEstoque", "LojaEstoque.csproj", "{EE808D46-9D48-4D13-9456-216CB84DBC66}"
EndProject
Global
	GlobalSection(SolutionConfigurationPlatforms) = preSolution
		Debug|Any CPU = Debug|Any CPU
		Release|Any CPU = Release|Any CPU
	EndGlobalSection
	GlobalSection(ProjectConfigurationPlatforms) = postSolution
		{EE808D46-9D48-4D13-9456-216CB84DBC66}.Debug|Any CPU.ActiveCfg = Debug|Any CPU
		{EE808D46-9D48-4D13-9456-216CB84DBC66}.Debug|Any CPU.Build.0 = Debug|Any CPU
		{EE808D46-9D48-4D13-9456-216CB84DBC66}.Release|Any CPU.ActiveCfg = Release|Any CPU
		{EE808D46-9D48-4D13-9456-216CB84DBC66}.Release|Any CPU.Build.0 = Release|Any CPU
	EndGlobalSection
	GlobalSection(SolutionProperties) = preSolution
		HideSolutionNode = FALSE
	EndGlobalSection
	GlobalSection(ExtensibilityGlobals) = postSolution
		SolutionGuid = {29B0DD25-5723-4450-BF61-14AF0E384723}
	EndGlobalSection
EndGlobal
